
Microsoft Visual Studio Solution File, Format Version 12.00
# Visual Studio 15
VisualStudioVersion = 15.0.28307.102
MinimumVisualStudioVersion = 10.0.40219.1
Project("{FAE04EC0-301F-11D3-BF4B-00C04F79EFBC}") = "UMLevil", "Code\UMLevil.csproj", "{3E22364C-EB35-4817-B74E-D481FDDABB57}"
EndProject
Global
	GlobalSection(SolutionConfigurationPlatforms) = preSolution
		Debug|Any CPU = Debug|Any CPU
		Release|Any CPU = Release|Any CPU
	EndGlobalSection
	GlobalSection(ProjectConfigurationPlatforms) = postSolution
		{3E22364C-EB35-4817-B74E-D481FDDABB57}.Debug|Any CPU.ActiveCfg = Debug|Any CPU
		{3E22364C-EB35-4817-B74E-D481FDDABB57}.Debug|Any CPU.Build.0 = Debug|Any CPU
		{3E22364C-EB35-4817-B74E-D481FDDABB57}.Release|Any CPU.ActiveCfg = Release|Any CPU
		{3E22364C-EB35-4817-B74E-D481FDDABB57}.Release|Any CPU.Build.0 = Release|Any CPU
	EndGlobalSection
	GlobalSection(SolutionProperties) = preSolution
		HideSolutionNode = FALSE
	EndGlobalSection
	GlobalSection(ExtensibilityGlobals) = postSolution
		SolutionGuid = {D0376279-FEC1-46A1-A4A6-44B327BD961C}
	EndGlobalSection
EndGlobal
